// !$*UTF8*$!
{
	archiveVersion = 1;
	classes = {
	};
	objectVersion = 48;
	objects = {

/* Begin PBXBuildFile section */
		644194951FE3A2CD0098A425 /* ContentCollectionViewCell.swift in Sources */ = {isa = PBXBuildFile; fileRef = 644194921FE3A2CD0098A425 /* ContentCollectionViewCell.swift */; };
		644194961FE3A2CD0098A425 /* CollectionViewController.swift in Sources */ = {isa = PBXBuildFile; fileRef = 644194931FE3A2CD0098A425 /* CollectionViewController.swift */; };
		644194971FE3A2CD0098A425 /* CustomCollectionViewLayout.swift in Sources */ = {isa = PBXBuildFile; fileRef = 644194941FE3A2CD0098A425 /* CustomCollectionViewLayout.swift */; };
		644194991FE3A47C0098A425 /* ContentCollectionViewCell.xib in Resources */ = {isa = PBXBuildFile; fileRef = 644194981FE3A47C0098A425 /* ContentCollectionViewCell.xib */; };
		644D01581FE0E14700604103 /* UIScrollView+InfiniteScroll.m in Sources */ = {isa = PBXBuildFile; fileRef = 644D01571FE0E14700604103 /* UIScrollView+InfiniteScroll.m */; };
		6487F3BB1FDCB9D7000ED35E /* ConstantsGlobal.swift in Sources */ = {isa = PBXBuildFile; fileRef = 6487F3BA1FDCB9D7000ED35E /* ConstantsGlobal.swift */; };
		6487F3BF1FDCC1AF000ED35E /* NetworkOperationManager.swift in Sources */ = {isa = PBXBuildFile; fileRef = 6487F3BE1FDCC1AF000ED35E /* NetworkOperationManager.swift */; };
		6487F3C11FDCC665000ED35E /* ImageDownloader.swift in Sources */ = {isa = PBXBuildFile; fileRef = 6487F3C01FDCC665000ED35E /* ImageDownloader.swift */; };
		6487F3C41FDCC6DA000ED35E /* Product.swift in Sources */ = {isa = PBXBuildFile; fileRef = 6487F3C31FDCC6DA000ED35E /* Product.swift */; };
		6487F3C61FDCD63A000ED35E /* DataDownloader.swift in Sources */ = {isa = PBXBuildFile; fileRef = 6487F3C51FDCD63A000ED35E /* DataDownloader.swift */; };
		6487F3C91FDCDA59000ED35E /* Utility.swift in Sources */ = {isa = PBXBuildFile; fileRef = 6487F3C81FDCDA59000ED35E /* Utility.swift */; };
		6487F3CC1FDDBF17000ED35E /* Main.storyboard in Resources */ = {isa = PBXBuildFile; fileRef = 6487F3CA1FDDBF17000ED35E /* Main.storyboard */; };
		6487F3D01FDDC1FC000ED35E /* CatalogTableViewController.swift in Sources */ = {isa = PBXBuildFile; fileRef = 6487F3CF1FDDC1FC000ED35E /* CatalogTableViewController.swift */; };
		6487F3D21FDDC92A000ED35E /* ProductCell.swift in Sources */ = {isa = PBXBuildFile; fileRef = 6487F3D11FDDC92A000ED35E /* ProductCell.swift */; };
		DC7888061FDC6B01009E4719 /* AppDelegate.swift in Sources */ = {isa = PBXBuildFile; fileRef = DC7888051FDC6B01009E4719 /* AppDelegate.swift */; };
		DC7888101FDC6B01009E4719 /* Assets.xcassets in Resources */ = {isa = PBXBuildFile; fileRef = DC78880F1FDC6B01009E4719 /* Assets.xcassets */; };
		DC7888131FDC6B01009E4719 /* LaunchScreen.storyboard in Resources */ = {isa = PBXBuildFile; fileRef = DC7888111FDC6B01009E4719 /* LaunchScreen.storyboard */; };
		DC78881E1FDC6B01009E4719 /* ShoppingCatalogTests.swift in Sources */ = {isa = PBXBuildFile; fileRef = DC78881D1FDC6B01009E4719 /* ShoppingCatalogTests.swift */; };
		DC7888291FDC6B01009E4719 /* ShoppingCatalogUITests.swift in Sources */ = {isa = PBXBuildFile; fileRef = DC7888281FDC6B01009E4719 /* ShoppingCatalogUITests.swift */; };
/* End PBXBuildFile section */

/* Begin PBXContainerItemProxy section */
		DC78881A1FDC6B01009E4719 /* PBXContainerItemProxy */ = {
			isa = PBXContainerItemProxy;
			containerPortal = DC7887FA1FDC6B01009E4719 /* Project object */;
			proxyType = 1;
			remoteGlobalIDString = DC7888011FDC6B01009E4719;
			remoteInfo = ShoppingCatalog;
		};
		DC7888251FDC6B01009E4719 /* PBXContainerItemProxy */ = {
			isa = PBXContainerItemProxy;
			containerPortal = DC7887FA1FDC6B01009E4719 /* Project object */;
			proxyType = 1;
			remoteGlobalIDString = DC7888011FDC6B01009E4719;
			remoteInfo = ShoppingCatalog;
		};
/* End PBXContainerItemProxy section */

/* Begin PBXCopyFilesBuildPhase section */
		64E144C71FE0D66F004CAAAE /* Embed Frameworks */ = {
			isa = PBXCopyFilesBuildPhase;
			buildActionMask = 2147483647;
			dstPath = "";
			dstSubfolderSpec = 10;
			files = (
			);
			name = "Embed Frameworks";
			runOnlyForDeploymentPostprocessing = 0;
		};
/* End PBXCopyFilesBuildPhase section */

/* Begin PBXFileReference section */
		644194921FE3A2CD0098A425 /* ContentCollectionViewCell.swift */ = {isa = PBXFileReference; fileEncoding = 4; lastKnownFileType = sourcecode.swift; path = ContentCollectionViewCell.swift; sourceTree = "<group>"; };
		644194931FE3A2CD0098A425 /* CollectionViewController.swift */ = {isa = PBXFileReference; fileEncoding = 4; lastKnownFileType = sourcecode.swift; path = CollectionViewController.swift; sourceTree = "<group>"; };
		644194941FE3A2CD0098A425 /* CustomCollectionViewLayout.swift */ = {isa = PBXFileReference; fileEncoding = 4; lastKnownFileType = sourcecode.swift; path = CustomCollectionViewLayout.swift; sourceTree = "<group>"; };
		644194981FE3A47C0098A425 /* ContentCollectionViewCell.xib */ = {isa = PBXFileReference; lastKnownFileType = file.xib; path = ContentCollectionViewCell.xib; sourceTree = "<group>"; };
		644D01561FE0E14700604103 /* UIScrollView+InfiniteScroll.h */ = {isa = PBXFileReference; fileEncoding = 4; lastKnownFileType = sourcecode.c.h; path = "UIScrollView+InfiniteScroll.h"; sourceTree = "<group>"; };
		644D01571FE0E14700604103 /* UIScrollView+InfiniteScroll.m */ = {isa = PBXFileReference; fileEncoding = 4; lastKnownFileType = sourcecode.c.objc; path = "UIScrollView+InfiniteScroll.m"; sourceTree = "<group>"; };
		6487F3BA1FDCB9D7000ED35E /* ConstantsGlobal.swift */ = {isa = PBXFileReference; lastKnownFileType = sourcecode.swift; path = ConstantsGlobal.swift; sourceTree = "<group>"; };
		6487F3BE1FDCC1AF000ED35E /* NetworkOperationManager.swift */ = {isa = PBXFileReference; lastKnownFileType = sourcecode.swift; path = NetworkOperationManager.swift; sourceTree = "<group>"; };
		6487F3C01FDCC665000ED35E /* ImageDownloader.swift */ = {isa = PBXFileReference; lastKnownFileType = sourcecode.swift; path = ImageDownloader.swift; sourceTree = "<group>"; };
		6487F3C31FDCC6DA000ED35E /* Product.swift */ = {isa = PBXFileReference; lastKnownFileType = sourcecode.swift; path = Product.swift; sourceTree = "<group>"; };
		6487F3C51FDCD63A000ED35E /* DataDownloader.swift */ = {isa = PBXFileReference; fileEncoding = 4; lastKnownFileType = sourcecode.swift; path = DataDownloader.swift; sourceTree = "<group>"; };
		6487F3C81FDCDA59000ED35E /* Utility.swift */ = {isa = PBXFileReference; lastKnownFileType = sourcecode.swift; path = Utility.swift; sourceTree = "<group>"; };
		6487F3CB1FDDBF17000ED35E /* Base */ = {isa = PBXFileReference; lastKnownFileType = file.storyboard; name = Base; path = Base.lproj/Main.storyboard; sourceTree = "<group>"; };
		6487F3CF1FDDC1FC000ED35E /* CatalogTableViewController.swift */ = {isa = PBXFileReference; lastKnownFileType = sourcecode.swift; path = CatalogTableViewController.swift; sourceTree = "<group>"; };
		6487F3D11FDDC92A000ED35E /* ProductCell.swift */ = {isa = PBXFileReference; lastKnownFileType = sourcecode.swift; path = ProductCell.swift; sourceTree = "<group>"; };
		64E144C31FE0D50D004CAAAE /* ShoppingCatalog-Bridging-Header.h */ = {isa = PBXFileReference; lastKnownFileType = sourcecode.c.h; path = "ShoppingCatalog-Bridging-Header.h"; sourceTree = "<group>"; };
		DC7888021FDC6B01009E4719 /* ShoppingCatalog.app */ = {isa = PBXFileReference; explicitFileType = wrapper.application; includeInIndex = 0; path = ShoppingCatalog.app; sourceTree = BUILT_PRODUCTS_DIR; };
		DC7888051FDC6B01009E4719 /* AppDelegate.swift */ = {isa = PBXFileReference; lastKnownFileType = sourcecode.swift; path = AppDelegate.swift; sourceTree = "<group>"; };
		DC78880F1FDC6B01009E4719 /* Assets.xcassets */ = {isa = PBXFileReference; lastKnownFileType = folder.assetcatalog; path = Assets.xcassets; sourceTree = "<group>"; };
		DC7888121FDC6B01009E4719 /* Base */ = {isa = PBXFileReference; lastKnownFileType = file.storyboard; name = Base; path = Base.lproj/LaunchScreen.storyboard; sourceTree = "<group>"; };
		DC7888141FDC6B01009E4719 /* Info.plist */ = {isa = PBXFileReference; lastKnownFileType = text.plist.xml; path = Info.plist; sourceTree = "<group>"; };
		DC7888191FDC6B01009E4719 /* ShoppingCatalogTests.xctest */ = {isa = PBXFileReference; explicitFileType = wrapper.cfbundle; includeInIndex = 0; path = ShoppingCatalogTests.xctest; sourceTree = BUILT_PRODUCTS_DIR; };
		DC78881D1FDC6B01009E4719 /* ShoppingCatalogTests.swift */ = {isa = PBXFileReference; lastKnownFileType = sourcecode.swift; path = ShoppingCatalogTests.swift; sourceTree = "<group>"; };
		DC78881F1FDC6B01009E4719 /* Info.plist */ = {isa = PBXFileReference; lastKnownFileType = text.plist.xml; path = Info.plist; sourceTree = "<group>"; };
		DC7888241FDC6B01009E4719 /* ShoppingCatalogUITests.xctest */ = {isa = PBXFileReference; explicitFileType = wrapper.cfbundle; includeInIndex = 0; path = ShoppingCatalogUITests.xctest; sourceTree = BUILT_PRODUCTS_DIR; };
		DC7888281FDC6B01009E4719 /* ShoppingCatalogUITests.swift */ = {isa = PBXFileReference; lastKnownFileType = sourcecode.swift; path = ShoppingCatalogUITests.swift; sourceTree = "<group>"; };
		DC78882A1FDC6B01009E4719 /* Info.plist */ = {isa = PBXFileReference; lastKnownFileType = text.plist.xml; path = Info.plist; sourceTree = "<group>"; };
/* End PBXFileReference section */

/* Begin PBXFrameworksBuildPhase section */
		DC7887FF1FDC6B01009E4719 /* Frameworks */ = {
			isa = PBXFrameworksBuildPhase;
			buildActionMask = 2147483647;
			files = (
			);
			runOnlyForDeploymentPostprocessing = 0;
		};
		DC7888161FDC6B01009E4719 /* Frameworks */ = {
			isa = PBXFrameworksBuildPhase;
			buildActionMask = 2147483647;
			files = (
			);
			runOnlyForDeploymentPostprocessing = 0;
		};
		DC7888211FDC6B01009E4719 /* Frameworks */ = {
			isa = PBXFrameworksBuildPhase;
			buildActionMask = 2147483647;
			files = (
			);
			runOnlyForDeploymentPostprocessing = 0;
		};
/* End PBXFrameworksBuildPhase section */

/* Begin PBXGroup section */
		4AD79165F8078B3794047722 /* Pods */ = {
			isa = PBXGroup;
			children = (
			);
			name = Pods;
			sourceTree = "<group>";
		};
		644194911FE3A2B10098A425 /* collectionView */ = {
			isa = PBXGroup;
			children = (
				644194931FE3A2CD0098A425 /* CollectionViewController.swift */,
				644194921FE3A2CD0098A425 /* ContentCollectionViewCell.swift */,
				644194941FE3A2CD0098A425 /* CustomCollectionViewLayout.swift */,
				644194981FE3A47C0098A425 /* ContentCollectionViewCell.xib */,
			);
			path = collectionView;
			sourceTree = "<group>";
		};
		644D01551FE0E14700604103 /* Scroll */ = {
			isa = PBXGroup;
			children = (
				644D01561FE0E14700604103 /* UIScrollView+InfiniteScroll.h */,
				644D01571FE0E14700604103 /* UIScrollView+InfiniteScroll.m */,
			);
			path = Scroll;
			sourceTree = "<group>";
		};
		644D01601FE20EC900604103 /* ThirdParty */ = {
			isa = PBXGroup;
			children = (
				644D01551FE0E14700604103 /* Scroll */,
			);
			path = ThirdParty;
			sourceTree = "<group>";
		};
		644D01611FE2276B00604103 /* cells */ = {
			isa = PBXGroup;
			children = (
				6487F3D11FDDC92A000ED35E /* ProductCell.swift */,
			);
			path = cells;
			sourceTree = "<group>";
		};
		6487F3B71FDCB99E000ED35E /* Network */ = {
			isa = PBXGroup;
			children = (
				6487F3C51FDCD63A000ED35E /* DataDownloader.swift */,
				6487F3BE1FDCC1AF000ED35E /* NetworkOperationManager.swift */,
				6487F3C01FDCC665000ED35E /* ImageDownloader.swift */,
			);
			path = Network;
			sourceTree = "<group>";
		};
		6487F3C21FDCC6B0000ED35E /* Model */ = {
			isa = PBXGroup;
			children = (
				6487F3C31FDCC6DA000ED35E /* Product.swift */,
			);
			path = Model;
			sourceTree = "<group>";
		};
		6487F3C71FDCDA4A000ED35E /* Utility */ = {
			isa = PBXGroup;
			children = (
				6487F3BA1FDCB9D7000ED35E /* ConstantsGlobal.swift */,
				6487F3C81FDCDA59000ED35E /* Utility.swift */,
			);
			path = Utility;
			sourceTree = "<group>";
		};
		6487F3CD1FDDC108000ED35E /* Resources */ = {
			isa = PBXGroup;
			children = (
				6487F3CA1FDDBF17000ED35E /* Main.storyboard */,
				DC78880F1FDC6B01009E4719 /* Assets.xcassets */,
				DC7888111FDC6B01009E4719 /* LaunchScreen.storyboard */,
				DC7888141FDC6B01009E4719 /* Info.plist */,
			);
			path = Resources;
			sourceTree = "<group>";
		};
		6487F3CE1FDDC1AB000ED35E /* ViewController */ = {
			isa = PBXGroup;
			children = (
				644194911FE3A2B10098A425 /* collectionView */,
				644D01611FE2276B00604103 /* cells */,
				6487F3CF1FDDC1FC000ED35E /* CatalogTableViewController.swift */,
			);
			path = ViewController;
			sourceTree = "<group>";
		};
		BA90D24554FA91554C320A10 /* Frameworks */ = {
			isa = PBXGroup;
			children = (
			);
			name = Frameworks;
			sourceTree = "<group>";
		};
		DC7887F91FDC6B01009E4719 = {
			isa = PBXGroup;
			children = (
				64E144C31FE0D50D004CAAAE /* ShoppingCatalog-Bridging-Header.h */,
				DC7888041FDC6B01009E4719 /* ShoppingCatalog */,
				644D01601FE20EC900604103 /* ThirdParty */,
				DC78881C1FDC6B01009E4719 /* ShoppingCatalogTests */,
				DC7888271FDC6B01009E4719 /* ShoppingCatalogUITests */,
				DC7888031FDC6B01009E4719 /* Products */,
				4AD79165F8078B3794047722 /* Pods */,
				BA90D24554FA91554C320A10 /* Frameworks */,
			);
			sourceTree = "<group>";
		};
		DC7888031FDC6B01009E4719 /* Products */ = {
			isa = PBXGroup;
			children = (
				DC7888021FDC6B01009E4719 /* ShoppingCatalog.app */,
				DC7888191FDC6B01009E4719 /* ShoppingCatalogTests.xctest */,
				DC7888241FDC6B01009E4719 /* ShoppingCatalogUITests.xctest */,
			);
			name = Products;
			sourceTree = "<group>";
		};
		DC7888041FDC6B01009E4719 /* ShoppingCatalog */ = {
			isa = PBXGroup;
			children = (
				DC7888051FDC6B01009E4719 /* AppDelegate.swift */,
				6487F3CE1FDDC1AB000ED35E /* ViewController */,
				6487F3CD1FDDC108000ED35E /* Resources */,
				6487F3C71FDCDA4A000ED35E /* Utility */,
				6487F3C21FDCC6B0000ED35E /* Model */,
				6487F3B71FDCB99E000ED35E /* Network */,
			);
			path = ShoppingCatalog;
			sourceTree = "<group>";
		};
		DC78881C1FDC6B01009E4719 /* ShoppingCatalogTests */ = {
			isa = PBXGroup;
			children = (
				DC78881D1FDC6B01009E4719 /* ShoppingCatalogTests.swift */,
				DC78881F1FDC6B01009E4719 /* Info.plist */,
			);
			path = ShoppingCatalogTests;
			sourceTree = "<group>";
		};
		DC7888271FDC6B01009E4719 /* ShoppingCatalogUITests */ = {
			isa = PBXGroup;
			children = (
				DC7888281FDC6B01009E4719 /* ShoppingCatalogUITests.swift */,
				DC78882A1FDC6B01009E4719 /* Info.plist */,
			);
			path = ShoppingCatalogUITests;
			sourceTree = "<group>";
		};
/* End PBXGroup section */

/* Begin PBXNativeTarget section */
		DC7888011FDC6B01009E4719 /* ShoppingCatalog */ = {
			isa = PBXNativeTarget;
			buildConfigurationList = DC78882D1FDC6B01009E4719 /* Build configuration list for PBXNativeTarget "ShoppingCatalog" */;
			buildPhases = (
				39E10151A348EC49C2C3C9A3 /* [CP] Check Pods Manifest.lock */,
				DC7887FE1FDC6B01009E4719 /* Sources */,
				DC7887FF1FDC6B01009E4719 /* Frameworks */,
				DC7888001FDC6B01009E4719 /* Resources */,
				F11D0F36A8D5D3443BC05612 /* [CP] Embed Pods Frameworks */,
				6EC130FE4E8F74E4B1BC0474 /* [CP] Copy Pods Resources */,
				64E144C71FE0D66F004CAAAE /* Embed Frameworks */,
			);
			buildRules = (
			);
			dependencies = (
			);
			name = ShoppingCatalog;
			productName = ShoppingCatalog;
			productReference = DC7888021FDC6B01009E4719 /* ShoppingCatalog.app */;
			productType = "com.apple.product-type.application";
		};
		DC7888181FDC6B01009E4719 /* ShoppingCatalogTests */ = {
			isa = PBXNativeTarget;
			buildConfigurationList = DC7888301FDC6B01009E4719 /* Build configuration list for PBXNativeTarget "ShoppingCatalogTests" */;
			buildPhases = (
				6C9DDCA8EA95C51DF26520B5 /* [CP] Check Pods Manifest.lock */,
				DC7888151FDC6B01009E4719 /* Sources */,
				DC7888161FDC6B01009E4719 /* Frameworks */,
				DC7888171FDC6B01009E4719 /* Resources */,
				ED466C6E3DAE3794BB4566D2 /* [CP] Embed Pods Frameworks */,
				0ECB7CE7AAD55751C941ABCD /* [CP] Copy Pods Resources */,
			);
			buildRules = (
			);
			dependencies = (
				DC78881B1FDC6B01009E4719 /* PBXTargetDependency */,
			);
			name = ShoppingCatalogTests;
			productName = ShoppingCatalogTests;
			productReference = DC7888191FDC6B01009E4719 /* ShoppingCatalogTests.xctest */;
			productType = "com.apple.product-type.bundle.unit-test";
		};
		DC7888231FDC6B01009E4719 /* ShoppingCatalogUITests */ = {
			isa = PBXNativeTarget;
			buildConfigurationList = DC7888331FDC6B01009E4719 /* Build configuration list for PBXNativeTarget "ShoppingCatalogUITests" */;
			buildPhases = (
				A4F96D374879EFD988003249 /* [CP] Check Pods Manifest.lock */,
				DC7888201FDC6B01009E4719 /* Sources */,
				DC7888211FDC6B01009E4719 /* Frameworks */,
				DC7888221FDC6B01009E4719 /* Resources */,
				675A9C73998778079C91B785 /* [CP] Embed Pods Frameworks */,
				15F2086DDF99E9CBA9307B68 /* [CP] Copy Pods Resources */,
			);
			buildRules = (
			);
			dependencies = (
				DC7888261FDC6B01009E4719 /* PBXTargetDependency */,
			);
			name = ShoppingCatalogUITests;
			productName = ShoppingCatalogUITests;
			productReference = DC7888241FDC6B01009E4719 /* ShoppingCatalogUITests.xctest */;
			productType = "com.apple.product-type.bundle.ui-testing";
		};
/* End PBXNativeTarget section */

/* Begin PBXProject section */
		DC7887FA1FDC6B01009E4719 /* Project object */ = {
			isa = PBXProject;
			attributes = {
				LastSwiftUpdateCheck = 0900;
				LastUpgradeCheck = 0900;
				ORGANIZATIONNAME = SClub;
				TargetAttributes = {
					DC7888011FDC6B01009E4719 = {
						CreatedOnToolsVersion = 9.0;
						ProvisioningStyle = Automatic;
					};
					DC7888181FDC6B01009E4719 = {
						CreatedOnToolsVersion = 9.0;
						ProvisioningStyle = Automatic;
						TestTargetID = DC7888011FDC6B01009E4719;
					};
					DC7888231FDC6B01009E4719 = {
						CreatedOnToolsVersion = 9.0;
						ProvisioningStyle = Automatic;
						TestTargetID = DC7888011FDC6B01009E4719;
					};
				};
			};
			buildConfigurationList = DC7887FD1FDC6B01009E4719 /* Build configuration list for PBXProject "ShoppingCatalog" */;
			compatibilityVersion = "Xcode 8.0";
			developmentRegion = en;
			hasScannedForEncodings = 0;
			knownRegions = (
				en,
				Base,
			);
			mainGroup = DC7887F91FDC6B01009E4719;
			productRefGroup = DC7888031FDC6B01009E4719 /* Products */;
			projectDirPath = "";
			projectRoot = "";
			targets = (
				DC7888011FDC6B01009E4719 /* ShoppingCatalog */,
				DC7888181FDC6B01009E4719 /* ShoppingCatalogTests */,
				DC7888231FDC6B01009E4719 /* ShoppingCatalogUITests */,
			);
		};
/* End PBXProject section */

/* Begin PBXResourcesBuildPhase section */
		DC7888001FDC6B01009E4719 /* Resources */ = {
			isa = PBXResourcesBuildPhase;
			buildActionMask = 2147483647;
			files = (
				DC7888131FDC6B01009E4719 /* LaunchScreen.storyboard in Resources */,
				DC7888101FDC6B01009E4719 /* Assets.xcassets in Resources */,
				6487F3CC1FDDBF17000ED35E /* Main.storyboard in Resources */,
				644194991FE3A47C0098A425 /* ContentCollectionViewCell.xib in Resources */,
			);
			runOnlyForDeploymentPostprocessing = 0;
		};
		DC7888171FDC6B01009E4719 /* Resources */ = {
			isa = PBXResourcesBuildPhase;
			buildActionMask = 2147483647;
			files = (
			);
			runOnlyForDeploymentPostprocessing = 0;
		};
		DC7888221FDC6B01009E4719 /* Resources */ = {
			isa = PBXResourcesBuildPhase;
			buildActionMask = 2147483647;
			files = (
			);
			runOnlyForDeploymentPostprocessing = 0;
		};
/* End PBXResourcesBuildPhase section */

/* Begin PBXShellScriptBuildPhase section */
		0ECB7CE7AAD55751C941ABCD /* [CP] Copy Pods Resources */ = {
			isa = PBXShellScriptBuildPhase;
			buildActionMask = 2147483647;
			files = (
			);
			inputPaths = (
			);
			name = "[CP] Copy Pods Resources";
			outputPaths = (
			);
			runOnlyForDeploymentPostprocessing = 0;
			shellPath = /bin/sh;
			shellScript = "#\"${SRCROOT}/Pods/Target Support Files/Pods-ShoppingCatalogTests/Pods-ShoppingCatalogTests-resources.sh\"\n";
			showEnvVarsInLog = 0;
		};
		15F2086DDF99E9CBA9307B68 /* [CP] Copy Pods Resources */ = {
			isa = PBXShellScriptBuildPhase;
			buildActionMask = 2147483647;
			files = (
			);
			inputPaths = (
			);
			name = "[CP] Copy Pods Resources";
			outputPaths = (
			);
			runOnlyForDeploymentPostprocessing = 0;
			shellPath = /bin/sh;
			shellScript = "\"${SRCROOT}/Pods/Target Support Files/Pods-ShoppingCatalogUITests/Pods-ShoppingCatalogUITests-resources.sh\"\n";
			showEnvVarsInLog = 0;
		};
		39E10151A348EC49C2C3C9A3 /* [CP] Check Pods Manifest.lock */ = {
			isa = PBXShellScriptBuildPhase;
			buildActionMask = 2147483647;
			files = (
			);
			inputPaths = (
				"${PODS_PODFILE_DIR_PATH}/Podfile.lock",
				"${PODS_ROOT}/Manifest.lock",
			);
			name = "[CP] Check Pods Manifest.lock";
			outputPaths = (
				"$(DERIVED_FILE_DIR)/Pods-ShoppingCatalog-checkManifestLockResult.txt",
			);
			runOnlyForDeploymentPostprocessing = 0;
			shellPath = /bin/sh;
			shellScript = "#////diff \"${PODS_PODFILE_DIR_PATH}/Podfile.lock\" \"${PODS_ROOT}/Manifest.lock\" > /dev/null\n#////if [ $? != 0 ] ; then\n#  //  # print error to STDERR\n#   // //echo \"error: The sandbox is not in sync with the Podfile.lock. Run 'pod install' or update your CocoaPods installation.\" >&2\n#////  exit 1\n#////fi\n#//# This output is used by Xcode 'outputs' to avoid re-running this script phase.\n#//echo \"SUCCESS\" > \"${SCRIPT_OUTPUT_FILE_0}\"\n";
			showEnvVarsInLog = 0;
		};
		675A9C73998778079C91B785 /* [CP] Embed Pods Frameworks */ = {
			isa = PBXShellScriptBuildPhase;
			buildActionMask = 2147483647;
			files = (
			);
			inputPaths = (
			);
			name = "[CP] Embed Pods Frameworks";
			outputPaths = (
			);
			runOnlyForDeploymentPostprocessing = 0;
			shellPath = /bin/sh;
			shellScript = "\"${SRCROOT}/Pods/Target Support Files/Pods-ShoppingCatalogUITests/Pods-ShoppingCatalogUITests-frameworks.sh\"\n";
			showEnvVarsInLog = 0;
		};
		6C9DDCA8EA95C51DF26520B5 /* [CP] Check Pods Manifest.lock */ = {
			isa = PBXShellScriptBuildPhase;
			buildActionMask = 2147483647;
			files = (
			);
			inputPaths = (
				"${PODS_PODFILE_DIR_PATH}/Podfile.lock",
				"${PODS_ROOT}/Manifest.lock",
			);
			name = "[CP] Check Pods Manifest.lock";
			outputPaths = (
				"$(DERIVED_FILE_DIR)/Pods-ShoppingCatalogTests-checkManifestLockResult.txt",
			);
			runOnlyForDeploymentPostprocessing = 0;
			shellPath = /bin/sh;
			shellScript = "#diff \"${PODS_PODFILE_DIR_PATH}/Podfile.lock\" \"${PODS_ROOT}/Manifest.lock\" > /dev/null\n#if [ $? != 0 ] ; then\n    # print error to STDERR\n#    echo \"error: The sandbox is not in sync with the Podfile.lock. Run 'pod install' or update your CocoaPods installation.\" >&2\n# exit 1\n#fi\n# This output is used by Xcode 'outputs' to avoid re-running this script phase.\n#echo \"SUCCESS\" > \"${SCRIPT_OUTPUT_FILE_0}\"\n";
			showEnvVarsInLog = 0;
		};
		6EC130FE4E8F74E4B1BC0474 /* [CP] Copy Pods Resources */ = {
			isa = PBXShellScriptBuildPhase;
			buildActionMask = 2147483647;
			files = (
			);
			inputPaths = (
			);
			name = "[CP] Copy Pods Resources";
			outputPaths = (
			);
			runOnlyForDeploymentPostprocessing = 0;
			shellPath = /bin/sh;
			shellScript = "#//\"${SRCROOT}/Pods/Target Support Files/Pods-ShoppingCatalog/Pods-ShoppingCatalog-resources.sh\"\n";
			showEnvVarsInLog = 0;
		};
		A4F96D374879EFD988003249 /* [CP] Check Pods Manifest.lock */ = {
			isa = PBXShellScriptBuildPhase;
			buildActionMask = 2147483647;
			files = (
			);
			inputPaths = (
				"${PODS_PODFILE_DIR_PATH}/Podfile.lock",
				"${PODS_ROOT}/Manifest.lock",
			);
			name = "[CP] Check Pods Manifest.lock";
			outputPaths = (
				"$(DERIVED_FILE_DIR)/Pods-ShoppingCatalogUITests-checkManifestLockResult.txt",
			);
			runOnlyForDeploymentPostprocessing = 0;
			shellPath = /bin/sh;
			shellScript = "diff \"${PODS_PODFILE_DIR_PATH}/Podfile.lock\" \"${PODS_ROOT}/Manifest.lock\" > /dev/null\nif [ $? != 0 ] ; then\n    # print error to STDERR\n    echo \"error: The sandbox is not in sync with the Podfile.lock. Run 'pod install' or update your CocoaPods installation.\" >&2\n    exit 1\nfi\n# This output is used by Xcode 'outputs' to avoid re-running this script phase.\necho \"SUCCESS\" > \"${SCRIPT_OUTPUT_FILE_0}\"\n";
			showEnvVarsInLog = 0;
		};
		ED466C6E3DAE3794BB4566D2 /* [CP] Embed Pods Frameworks */ = {
			isa = PBXShellScriptBuildPhase;
			buildActionMask = 2147483647;
			files = (
			);
			inputPaths = (
				"${SRCROOT}/Pods/Target Support Files/Pods-ShoppingCatalogTests/Pods-ShoppingCatalogTests-frameworks.sh",
				"${BUILT_PRODUCTS_DIR}/UIScrollView-InfiniteScroll/UIScrollView_InfiniteScroll.framework",
			);
			name = "[CP] Embed Pods Frameworks";
			outputPaths = (
				"${TARGET_BUILD_DIR}/${FRAMEWORKS_FOLDER_PATH}/UIScrollView_InfiniteScroll.framework",
			);
			runOnlyForDeploymentPostprocessing = 0;
			shellPath = /bin/sh;
			shellScript = "#\"${SRCROOT}/Pods/Target Support Files/Pods-ShoppingCatalogTests/Pods-ShoppingCatalogTests-frameworks.sh\"\n";
			showEnvVarsInLog = 0;
		};
		F11D0F36A8D5D3443BC05612 /* [CP] Embed Pods Frameworks */ = {
			isa = PBXShellScriptBuildPhase;
			buildActionMask = 2147483647;
			files = (
			);
			inputPaths = (
			);
			name = "[CP] Embed Pods Frameworks";
			outputPaths = (
			);
			runOnlyForDeploymentPostprocessing = 0;
			shellPath = /bin/sh;
			shellScript = "#//\"${SRCROOT}/Pods/Target Support Files/Pods-ShoppingCatalog/Pods-ShoppingCatalog-frameworks.sh\"\n";
			showEnvVarsInLog = 0;
		};
/* End PBXShellScriptBuildPhase section */

/* Begin PBXSourcesBuildPhase section */
		DC7887FE1FDC6B01009E4719 /* Sources */ = {
			isa = PBXSourcesBuildPhase;
			buildActionMask = 2147483647;
			files = (
				6487F3D01FDDC1FC000ED35E /* CatalogTableViewController.swift in Sources */,
				6487F3D21FDDC92A000ED35E /* ProductCell.swift in Sources */,
				6487F3C61FDCD63A000ED35E /* DataDownloader.swift in Sources */,
				6487F3BF1FDCC1AF000ED35E /* NetworkOperationManager.swift in Sources */,
				644194961FE3A2CD0098A425 /* CollectionViewController.swift in Sources */,
				6487F3C91FDCDA59000ED35E /* Utility.swift in Sources */,
				6487F3C41FDCC6DA000ED35E /* Product.swift in Sources */,
				6487F3BB1FDCB9D7000ED35E /* ConstantsGlobal.swift in Sources */,
				6487F3C11FDCC665000ED35E /* ImageDownloader.swift in Sources */,
				644D01581FE0E14700604103 /* UIScrollView+InfiniteScroll.m in Sources */,
				DC7888061FDC6B01009E4719 /* AppDelegate.swift in Sources */,
				644194951FE3A2CD0098A425 /* ContentCollectionViewCell.swift in Sources */,
				644194971FE3A2CD0098A425 /* CustomCollectionViewLayout.swift in Sources */,
			);
			runOnlyForDeploymentPostprocessing = 0;
		};
		DC7888151FDC6B01009E4719 /* Sources */ = {
			isa = PBXSourcesBuildPhase;
			buildActionMask = 2147483647;
			files = (
				DC78881E1FDC6B01009E4719 /* ShoppingCatalogTests.swift in Sources */,
			);
			runOnlyForDeploymentPostprocessing = 0;
		};
		DC7888201FDC6B01009E4719 /* Sources */ = {
			isa = PBXSourcesBuildPhase;
			buildActionMask = 2147483647;
			files = (
				DC7888291FDC6B01009E4719 /* ShoppingCatalogUITests.swift in Sources */,
			);
			runOnlyForDeploymentPostprocessing = 0;
		};
/* End PBXSourcesBuildPhase section */

/* Begin PBXTargetDependency section */
		DC78881B1FDC6B01009E4719 /* PBXTargetDependency */ = {
			isa = PBXTargetDependency;
			target = DC7888011FDC6B01009E4719 /* ShoppingCatalog */;
			targetProxy = DC78881A1FDC6B01009E4719 /* PBXContainerItemProxy */;
		};
		DC7888261FDC6B01009E4719 /* PBXTargetDependency */ = {
			isa = PBXTargetDependency;
			target = DC7888011FDC6B01009E4719 /* ShoppingCatalog */;
			targetProxy = DC7888251FDC6B01009E4719 /* PBXContainerItemProxy */;
		};
/* End PBXTargetDependency section */

/* Begin PBXVariantGroup section */
		6487F3CA1FDDBF17000ED35E /* Main.storyboard */ = {
			isa = PBXVariantGroup;
			children = (
				6487F3CB1FDDBF17000ED35E /* Base */,
			);
			name = Main.storyboard;
			sourceTree = "<group>";
		};
		DC7888111FDC6B01009E4719 /* LaunchScreen.storyboard */ = {
			isa = PBXVariantGroup;
			children = (
				DC7888121FDC6B01009E4719 /* Base */,
			);
			name = LaunchScreen.storyboard;
			sourceTree = "<group>";
		};
/* End PBXVariantGroup section */

/* Begin XCBuildConfiguration section */
		DC78882B1FDC6B01009E4719 /* Debug */ = {
			isa = XCBuildConfiguration;
			buildSettings = {
				ALWAYS_SEARCH_USER_PATHS = NO;
				CLANG_ANALYZER_NONNULL = YES;
				CLANG_ANALYZER_NUMBER_OBJECT_CONVERSION = YES_AGGRESSIVE;
				CLANG_CXX_LANGUAGE_STANDARD = "gnu++14";
				CLANG_CXX_LIBRARY = "libc++";
				CLANG_ENABLE_MODULES = YES;
				CLANG_ENABLE_OBJC_ARC = YES;
				CLANG_WARN_BLOCK_CAPTURE_AUTORELEASING = YES;
				CLANG_WARN_BOOL_CONVERSION = YES;
				CLANG_WARN_COMMA = YES;
				CLANG_WARN_CONSTANT_CONVERSION = YES;
				CLANG_WARN_DIRECT_OBJC_ISA_USAGE = YES_ERROR;
				CLANG_WARN_DOCUMENTATION_COMMENTS = YES;
				CLANG_WARN_EMPTY_BODY = YES;
				CLANG_WARN_ENUM_CONVERSION = YES;
				CLANG_WARN_INFINITE_RECURSION = YES;
				CLANG_WARN_INT_CONVERSION = YES;
				CLANG_WARN_NON_LITERAL_NULL_CONVERSION = YES;
				CLANG_WARN_OBJC_LITERAL_CONVERSION = YES;
				CLANG_WARN_OBJC_ROOT_CLASS = YES_ERROR;
				CLANG_WARN_RANGE_LOOP_ANALYSIS = YES;
				CLANG_WARN_STRICT_PROTOTYPES = YES;
				CLANG_WARN_SUSPICIOUS_MOVE = YES;
				CLANG_WARN_UNGUARDED_AVAILABILITY = YES_AGGRESSIVE;
				CLANG_WARN_UNREACHABLE_CODE = YES;
				CLANG_WARN__DUPLICATE_METHOD_MATCH = YES;
				CODE_SIGN_IDENTITY = "iPhone Developer";
				COPY_PHASE_STRIP = NO;
				DEBUG_INFORMATION_FORMAT = dwarf;
				ENABLE_STRICT_OBJC_MSGSEND = YES;
				ENABLE_TESTABILITY = YES;
				FRAMEWORK_SEARCH_PATHS = (
					"$(inherited)",
					"$(PROJECT_DIR)/Pods",
				);
				GCC_C_LANGUAGE_STANDARD = gnu11;
				GCC_DYNAMIC_NO_PIC = NO;
				GCC_NO_COMMON_BLOCKS = YES;
				GCC_OPTIMIZATION_LEVEL = 0;
				GCC_PREPROCESSOR_DEFINITIONS = (
					"DEBUG=1",
					"$(inherited)",
				);
				GCC_WARN_64_TO_32_BIT_CONVERSION = YES;
				GCC_WARN_ABOUT_RETURN_TYPE = YES_ERROR;
				GCC_WARN_UNDECLARED_SELECTOR = YES;
				GCC_WARN_UNINITIALIZED_AUTOS = YES_AGGRESSIVE;
				GCC_WARN_UNUSED_FUNCTION = YES;
				GCC_WARN_UNUSED_VARIABLE = YES;
				HEADER_SEARCH_PATHS = "$(SRCROOT)/Pods/**";
				IPHONEOS_DEPLOYMENT_TARGET = 11.0;
				LD_RUNPATH_SEARCH_PATHS = "$(inherited) @executable_path/Frameworks";
				LIBRARY_SEARCH_PATHS = (
					"$(inherited)",
					"$(PROJECT_DIR)/Pods",
				);
				MTL_ENABLE_DEBUG_INFO = YES;
				ONLY_ACTIVE_ARCH = YES;
				SDKROOT = iphoneos;
				SWIFT_ACTIVE_COMPILATION_CONDITIONS = DEBUG;
				SWIFT_OBJC_BRIDGING_HEADER = "ShoppingCatalog-Bridging-Header.h";
				SWIFT_OBJC_INTERFACE_HEADER_NAME = "ShoppingCatalog-Swift.h";
				SWIFT_OPTIMIZATION_LEVEL = "-Onone";
				SWIFT_VERSION = 4.0;
			};
			name = Debug;
		};
		DC78882C1FDC6B01009E4719 /* Release */ = {
			isa = XCBuildConfiguration;
			buildSettings = {
				ALWAYS_SEARCH_USER_PATHS = NO;
				CLANG_ANALYZER_NONNULL = YES;
				CLANG_ANALYZER_NUMBER_OBJECT_CONVERSION = YES_AGGRESSIVE;
				CLANG_CXX_LANGUAGE_STANDARD = "gnu++14";
				CLANG_CXX_LIBRARY = "libc++";
				CLANG_ENABLE_MODULES = YES;
				CLANG_ENABLE_OBJC_ARC = YES;
				CLANG_WARN_BLOCK_CAPTURE_AUTORELEASING = YES;
				CLANG_WARN_BOOL_CONVERSION = YES;
				CLANG_WARN_COMMA = YES;
				CLANG_WARN_CONSTANT_CONVERSION = YES;
				CLANG_WARN_DIRECT_OBJC_ISA_USAGE = YES_ERROR;
				CLANG_WARN_DOCUMENTATION_COMMENTS = YES;
				CLANG_WARN_EMPTY_BODY = YES;
				CLANG_WARN_ENUM_CONVERSION = YES;
				CLANG_WARN_INFINITE_RECURSION = YES;
				CLANG_WARN_INT_CONVERSION = YES;
				CLANG_WARN_NON_LITERAL_NULL_CONVERSION = YES;
				CLANG_WARN_OBJC_LITERAL_CONVERSION = YES;
				CLANG_WARN_OBJC_ROOT_CLASS = YES_ERROR;
				CLANG_WARN_RANGE_LOOP_ANALYSIS = YES;
				CLANG_WARN_STRICT_PROTOTYPES = YES;
				CLANG_WARN_SUSPICIOUS_MOVE = YES;
				CLANG_WARN_UNGUARDED_AVAILABILITY = YES_AGGRESSIVE;
				CLANG_WARN_UNREACHABLE_CODE = YES;
				CLANG_WARN__DUPLICATE_METHOD_MATCH = YES;
				CODE_SIGN_IDENTITY = "iPhone Developer";
				COPY_PHASE_STRIP = NO;
				DEBUG_INFORMATION_FORMAT = "dwarf-with-dsym";
				ENABLE_NS_ASSERTIONS = NO;
				ENABLE_STRICT_OBJC_MSGSEND = YES;
				FRAMEWORK_SEARCH_PATHS = (
					"$(inherited)",
					"$(PROJECT_DIR)/Pods",
				);
				GCC_C_LANGUAGE_STANDARD = gnu11;
				GCC_NO_COMMON_BLOCKS = YES;
				GCC_WARN_64_TO_32_BIT_CONVERSION = YES;
				GCC_WARN_ABOUT_RETURN_TYPE = YES_ERROR;
				GCC_WARN_UNDECLARED_SELECTOR = YES;
				GCC_WARN_UNINITIALIZED_AUTOS = YES_AGGRESSIVE;
				GCC_WARN_UNUSED_FUNCTION = YES;
				GCC_WARN_UNUSED_VARIABLE = YES;
				HEADER_SEARCH_PATHS = "$(SRCROOT)/Pods/**";
				IPHONEOS_DEPLOYMENT_TARGET = 11.0;
				LD_RUNPATH_SEARCH_PATHS = "$(inherited) @executable_path/Frameworks";
				LIBRARY_SEARCH_PATHS = (
					"$(inherited)",
					"$(PROJECT_DIR)/Pods",
				);
				MTL_ENABLE_DEBUG_INFO = NO;
				SDKROOT = iphoneos;
				SWIFT_OBJC_BRIDGING_HEADER = "ShoppingCatalog-Bridging-Header.h";
				SWIFT_OBJC_INTERFACE_HEADER_NAME = "ShoppingCatalog-Swift.h";
				SWIFT_OPTIMIZATION_LEVEL = "-Owholemodule";
				SWIFT_VERSION = 4.0;
				VALIDATE_PRODUCT = YES;
			};
			name = Release;
		};
		DC78882E1FDC6B01009E4719 /* Debug */ = {
			isa = XCBuildConfiguration;
			buildSettings = {
				ASSETCATALOG_COMPILER_APPICON_NAME = AppIcon;
				CODE_SIGN_STYLE = Automatic;
				FRAMEWORK_SEARCH_PATHS = "";
				GCC_PRECOMPILE_PREFIX_HEADER = YES;
				HEADER_SEARCH_PATHS = "";
				INFOPLIST_FILE = "$(SRCROOT)/ShoppingCatalog/Resources/Info.plist";
				IPHONEOS_DEPLOYMENT_TARGET = 9.0;
				LD_RUNPATH_SEARCH_PATHS = "$(inherited)";
				LIBRARY_SEARCH_PATHS = "";
				PODS_PODFILE_DIR_PATH = "";
				PODS_ROOT = "";
				PRODUCT_BUNDLE_IDENTIFIER = Com.SClub.ShoppingCatalog;
				PRODUCT_NAME = "$(TARGET_NAME)";
				SWIFT_OBJC_BRIDGING_HEADER = "ShoppingCatalog-Bridging-Header.h";
				SWIFT_VERSION = 4.0;
				TARGETED_DEVICE_FAMILY = "1,2";
			};
			name = Debug;
		};
		DC78882F1FDC6B01009E4719 /* Release */ = {
			isa = XCBuildConfiguration;
			buildSettings = {
				ASSETCATALOG_COMPILER_APPICON_NAME = AppIcon;
				CODE_SIGN_STYLE = Automatic;
				FRAMEWORK_SEARCH_PATHS = "";
				GCC_PRECOMPILE_PREFIX_HEADER = YES;
				HEADER_SEARCH_PATHS = "";
				INFOPLIST_FILE = "$(SRCROOT)/ShoppingCatalog/Resources/Info.plist";
				IPHONEOS_DEPLOYMENT_TARGET = 9.0;
				LD_RUNPATH_SEARCH_PATHS = "$(inherited)";
				LIBRARY_SEARCH_PATHS = "";
				PODS_PODFILE_DIR_PATH = "";
				PODS_ROOT = "";
				PRODUCT_BUNDLE_IDENTIFIER = Com.SClub.ShoppingCatalog;
				PRODUCT_NAME = "$(TARGET_NAME)";
				SWIFT_OBJC_BRIDGING_HEADER = "ShoppingCatalog-Bridging-Header.h";
				SWIFT_VERSION = 4.0;
				TARGETED_DEVICE_FAMILY = "1,2";
			};
			name = Release;
		};
		DC7888311FDC6B01009E4719 /* Debug */ = {
			isa = XCBuildConfiguration;
			buildSettings = {
				ALWAYS_EMBED_SWIFT_STANDARD_LIBRARIES = YES;
				BUNDLE_LOADER = "$(TEST_HOST)";
				CODE_SIGN_STYLE = Automatic;
				INFOPLIST_FILE = ShoppingCatalogTests/Info.plist;
				LD_RUNPATH_SEARCH_PATHS = "$(inherited) @executable_path/Frameworks @loader_path/Frameworks";
				PRODUCT_BUNDLE_IDENTIFIER = Com.SClub.ShoppingCatalogTests;
				PRODUCT_NAME = "$(TARGET_NAME)";
				SWIFT_VERSION = 4.0;
				TARGETED_DEVICE_FAMILY = "1,2";
				TEST_HOST = "$(BUILT_PRODUCTS_DIR)/ShoppingCatalog.app/ShoppingCatalog";
			};
			name = Debug;
		};
		DC7888321FDC6B01009E4719 /* Release */ = {
			isa = XCBuildConfiguration;
			buildSettings = {
				ALWAYS_EMBED_SWIFT_STANDARD_LIBRARIES = YES;
				BUNDLE_LOADER = "$(TEST_HOST)";
				CODE_SIGN_STYLE = Automatic;
				INFOPLIST_FILE = ShoppingCatalogTests/Info.plist;
				LD_RUNPATH_SEARCH_PATHS = "$(inherited) @executable_path/Frameworks @loader_path/Frameworks";
				PRODUCT_BUNDLE_IDENTIFIER = Com.SClub.ShoppingCatalogTests;
				PRODUCT_NAME = "$(TARGET_NAME)";
				SWIFT_VERSION = 4.0;
				TARGETED_DEVICE_FAMILY = "1,2";
				TEST_HOST = "$(BUILT_PRODUCTS_DIR)/ShoppingCatalog.app/ShoppingCatalog";
			};
			name = Release;
		};
		DC7888341FDC6B01009E4719 /* Debug */ = {
			isa = XCBuildConfiguration;
			buildSettings = {
				ALWAYS_EMBED_SWIFT_STANDARD_LIBRARIES = YES;
				CODE_SIGN_STYLE = Automatic;
				INFOPLIST_FILE = ShoppingCatalogUITests/Info.plist;
				LD_RUNPATH_SEARCH_PATHS = "$(inherited) @executable_path/Frameworks @loader_path/Frameworks";
				PRODUCT_BUNDLE_IDENTIFIER = Com.SClub.ShoppingCatalogUITests;
				PRODUCT_NAME = "$(TARGET_NAME)";
				SWIFT_VERSION = 4.0;
				TARGETED_DEVICE_FAMILY = "1,2";
				TEST_TARGET_NAME = ShoppingCatalog;
			};
			name = Debug;
		};
		DC7888351FDC6B01009E4719 /* Release */ = {
			isa = XCBuildConfiguration;
			buildSettings = {
				ALWAYS_EMBED_SWIFT_STANDARD_LIBRARIES = YES;
				CODE_SIGN_STYLE = Automatic;
				INFOPLIST_FILE = ShoppingCatalogUITests/Info.plist;
				LD_RUNPATH_SEARCH_PATHS = "$(inherited) @executable_path/Frameworks @loader_path/Frameworks";
				PRODUCT_BUNDLE_IDENTIFIER = Com.SClub.ShoppingCatalogUITests;
				PRODUCT_NAME = "$(TARGET_NAME)";
				SWIFT_VERSION = 4.0;
				TARGETED_DEVICE_FAMILY = "1,2";
				TEST_TARGET_NAME = ShoppingCatalog;
			};
			name = Release;
		};
/* End XCBuildConfiguration section */

/* Begin XCConfigurationList section */
		DC7887FD1FDC6B01009E4719 /* Build configuration list for PBXProject "ShoppingCatalog" */ = {
			isa = XCConfigurationList;
			buildConfigurations = (
				DC78882B1FDC6B01009E4719 /* Debug */,
				DC78882C1FDC6B01009E4719 /* Release */,
			);
			defaultConfigurationIsVisible = 0;
			defaultConfigurationName = Release;
		};
		DC78882D1FDC6B01009E4719 /* Build configuration list for PBXNativeTarget "ShoppingCatalog" */ = {
			isa = XCConfigurationList;
			buildConfigurations = (
				DC78882E1FDC6B01009E4719 /* Debug */,
				DC78882F1FDC6B01009E4719 /* Release */,
			);
			defaultConfigurationIsVisible = 0;
			defaultConfigurationName = Release;
		};
		DC7888301FDC6B01009E4719 /* Build configuration list for PBXNativeTarget "ShoppingCatalogTests" */ = {
			isa = XCConfigurationList;
			buildConfigurations = (
				DC7888311FDC6B01009E4719 /* Debug */,
				DC7888321FDC6B01009E4719 /* Release */,
			);
			defaultConfigurationIsVisible = 0;
			defaultConfigurationName = Release;
		};
		DC7888331FDC6B01009E4719 /* Build configuration list for PBXNativeTarget "ShoppingCatalogUITests" */ = {
			isa = XCConfigurationList;
			buildConfigurations = (
				DC7888341FDC6B01009E4719 /* Debug */,
				DC7888351FDC6B01009E4719 /* Release */,
			);
			defaultConfigurationIsVisible = 0;
			defaultConfigurationName = Release;
		};
/* End XCConfigurationList section */
	};
	rootObject = DC7887FA1FDC6B01009E4719 /* Project object */;
}
